
Microsoft Visual Studio Solution File, Format Version 12.00
# Visual Studio Version 16
VisualStudioVersion = 16.0.31205.134
MinimumVisualStudioVersion = 10.0.40219.1
Project("{FAE04EC0-301F-11D3-BF4B-00C04F79EFBC}") = "DotJira", "DotJira.csproj", "{6986C17B-DA03-4A09-BF98-D6AA32CEC906}"
EndProject
Project("{9A19103F-16F7-4668-BE54-9A1E7A4F7556}") = "DotJiraTests", "Tests\DotJiraTests\DotJiraTests.csproj", "{006118B3-C4AB-4E82-8E6C-6A3871E98381}"
EndProject
Project("{9A19103F-16F7-4668-BE54-9A1E7A4F7556}") = "QUPStatus", "QUPStatus\QUPStatus.csproj", "{8A2D1DB6-738A-44EE-9FC5-2DD8DDB5ACCD}"
EndProject
Project("{FAE04EC0-301F-11D3-BF4B-00C04F79EFBC}") = "PlectoUploader", "PlectoUploader\PlectoUploader.csproj", "{7084126F-BDF5-41EE-AA67-91845B730A0A}"
EndProject
Project("{FAE04EC0-301F-11D3-BF4B-00C04F79EFBC}") = "PlectoUploaderTests", "PlectoUploaderTests\PlectoUploaderTests.csproj", "{05D3F537-C080-4CB6-A8AD-071B0E5A30C0}"
EndProject
Global
	GlobalSection(SolutionConfigurationPlatforms) = preSolution
		Debug|Any CPU = Debug|Any CPU
		Release|Any CPU = Release|Any CPU
	EndGlobalSection
	GlobalSection(ProjectConfigurationPlatforms) = postSolution
		{6986C17B-DA03-4A09-BF98-D6AA32CEC906}.Debug|Any CPU.ActiveCfg = Debug|Any CPU
		{6986C17B-DA03-4A09-BF98-D6AA32CEC906}.Debug|Any CPU.Build.0 = Debug|Any CPU
		{6986C17B-DA03-4A09-BF98-D6AA32CEC906}.Release|Any CPU.ActiveCfg = Release|Any CPU
		{6986C17B-DA03-4A09-BF98-D6AA32CEC906}.Release|Any CPU.Build.0 = Release|Any CPU
		{006118B3-C4AB-4E82-8E6C-6A3871E98381}.Debug|Any CPU.ActiveCfg = Debug|Any CPU
		{006118B3-C4AB-4E82-8E6C-6A3871E98381}.Debug|Any CPU.Build.0 = Debug|Any CPU
		{006118B3-C4AB-4E82-8E6C-6A3871E98381}.Release|Any CPU.ActiveCfg = Release|Any CPU
		{006118B3-C4AB-4E82-8E6C-6A3871E98381}.Release|Any CPU.Build.0 = Release|Any CPU
		{8A2D1DB6-738A-44EE-9FC5-2DD8DDB5ACCD}.Debug|Any CPU.ActiveCfg = Debug|Any CPU
		{8A2D1DB6-738A-44EE-9FC5-2DD8DDB5ACCD}.Debug|Any CPU.Build.0 = Debug|Any CPU
		{8A2D1DB6-738A-44EE-9FC5-2DD8DDB5ACCD}.Release|Any CPU.ActiveCfg = Release|Any CPU
		{8A2D1DB6-738A-44EE-9FC5-2DD8DDB5ACCD}.Release|Any CPU.Build.0 = Release|Any CPU
		{7084126F-BDF5-41EE-AA67-91845B730A0A}.Debug|Any CPU.ActiveCfg = Debug|Any CPU
		{7084126F-BDF5-41EE-AA67-91845B730A0A}.Debug|Any CPU.Build.0 = Debug|Any CPU
		{7084126F-BDF5-41EE-AA67-91845B730A0A}.Release|Any CPU.ActiveCfg = Release|Any CPU
		{7084126F-BDF5-41EE-AA67-91845B730A0A}.Release|Any CPU.Build.0 = Release|Any CPU
		{05D3F537-C080-4CB6-A8AD-071B0E5A30C0}.Debug|Any CPU.ActiveCfg = Debug|Any CPU
		{05D3F537-C080-4CB6-A8AD-071B0E5A30C0}.Debug|Any CPU.Build.0 = Debug|Any CPU
		{05D3F537-C080-4CB6-A8AD-071B0E5A30C0}.Release|Any CPU.ActiveCfg = Release|Any CPU
		{05D3F537-C080-4CB6-A8AD-071B0E5A30C0}.Release|Any CPU.Build.0 = Release|Any CPU
	EndGlobalSection
	GlobalSection(SolutionProperties) = preSolution
		HideSolutionNode = FALSE
	EndGlobalSection
	GlobalSection(ExtensibilityGlobals) = postSolution
		SolutionGuid = {1A31F550-8C78-427B-919C-65C21DB213C7}
	EndGlobalSection
EndGlobal
